
Microsoft Visual Studio Solution File, Format Version 12.00
# Visual Studio Version 16
VisualStudioVersion = 16.0.32929.386
MinimumVisualStudioVersion = 10.0.40219.1
Project("{FAE04EC0-301F-11D3-BF4B-00C04F79EFBC}") = "ConsoleApp1", "ConsoleApp1.csproj", "{1831CE30-4249-4149-ADB5-DB648F0CF948}"
EndProject
Global
	GlobalSection(SolutionConfigurationPlatforms) = preSolution
		Debug|Any CPU = Debug|Any CPU
		Release|Any CPU = Release|Any CPU
	EndGlobalSection
	GlobalSection(ProjectConfigurationPlatforms) = postSolution
		{1831CE30-4249-4149-ADB5-DB648F0CF948}.Debug|Any CPU.ActiveCfg = Debug|Any CPU
		{1831CE30-4249-4149-ADB5-DB648F0CF948}.Debug|Any CPU.Build.0 = Debug|Any CPU
		{1831CE30-4249-4149-ADB5-DB648F0CF948}.Release|Any CPU.ActiveCfg = Release|Any CPU
		{1831CE30-4249-4149-ADB5-DB648F0CF948}.Release|Any CPU.Build.0 = Release|Any CPU
	EndGlobalSection
	GlobalSection(SolutionProperties) = preSolution
		HideSolutionNode = FALSE
	EndGlobalSection
	GlobalSection(ExtensibilityGlobals) = postSolution
		SolutionGuid = {47BB4A7B-3686-45C9-A80D-A282AB81F778}
	EndGlobalSection
EndGlobal
